github.com/luongdinhkhanhvinh/go-gin v0.0.0-20230511040039-3b4563d385db h1:jZXgXpZxT8tOWzP4Bxvd7fivdJW0zcOuc48hY24q+UE=
github.com/luongdinhkhanhvinh/go-gin v0.0.0-20230511040039-3b4563d385db/go.mod h1:9+QEjm8zI3+t/xvAosXut8JhRel7Pw2ge68HfWFwScg=
github.com/pkg/errors v0.9.1 h1:FEBLx1zS214owpjy7qsBeixbURkuhQAwrK5UwLGTwt4=
github.com/pkg/errors v0.9.1/go.mod h1:bwawxfHBFNV+L2hUp1rHADufV3IMtnDRdf1r5NINEl0=
